
Microsoft Visual Studio Solution File, Format Version 12.00
# Visual Studio Version 16
VisualStudioVersion = 16.0.30204.135
MinimumVisualStudioVersion = 10.0.40219.1
Project("{9A19103F-16F7-4668-BE54-9A1E7A4F7556}") = "ToysAndGames.Web", "ToysAndGames.Web\ToysAndGames.Web.csproj", "{6B3DC807-4349-49A7-8FA5-282CAD8C10A7}"
EndProject
Project("{9A19103F-16F7-4668-BE54-9A1E7A4F7556}") = "ToysAndGames.Dal", "ToysAndGames.Dal\ToysAndGames.Dal.csproj", "{466DCB8B-D683-4689-BBB8-78915F067615}"
EndProject
Project("{FAE04EC0-301F-11D3-BF4B-00C04F79EFBC}") = "ToysAndGames.Tests", "ToysAndGames.Tests\ToysAndGames.Tests.csproj", "{53008061-5E1F-4E47-8C2B-5C6C8664F9BC}"
EndProject
Global
	GlobalSection(SolutionConfigurationPlatforms) = preSolution
		Debug|Any CPU = Debug|Any CPU
		Release|Any CPU = Release|Any CPU
	EndGlobalSection
	GlobalSection(ProjectConfigurationPlatforms) = postSolution
		{6B3DC807-4349-49A7-8FA5-282CAD8C10A7}.Debug|Any CPU.ActiveCfg = Debug|Any CPU
		{6B3DC807-4349-49A7-8FA5-282CAD8C10A7}.Debug|Any CPU.Build.0 = Debug|Any CPU
		{6B3DC807-4349-49A7-8FA5-282CAD8C10A7}.Release|Any CPU.ActiveCfg = Release|Any CPU
		{6B3DC807-4349-49A7-8FA5-282CAD8C10A7}.Release|Any CPU.Build.0 = Release|Any CPU
		{466DCB8B-D683-4689-BBB8-78915F067615}.Debug|Any CPU.ActiveCfg = Debug|Any CPU
		{466DCB8B-D683-4689-BBB8-78915F067615}.Debug|Any CPU.Build.0 = Debug|Any CPU
		{466DCB8B-D683-4689-BBB8-78915F067615}.Release|Any CPU.ActiveCfg = Release|Any CPU
		{466DCB8B-D683-4689-BBB8-78915F067615}.Release|Any CPU.Build.0 = Release|Any CPU
		{53008061-5E1F-4E47-8C2B-5C6C8664F9BC}.Debug|Any CPU.ActiveCfg = Debug|Any CPU
		{53008061-5E1F-4E47-8C2B-5C6C8664F9BC}.Debug|Any CPU.Build.0 = Debug|Any CPU
		{53008061-5E1F-4E47-8C2B-5C6C8664F9BC}.Release|Any CPU.ActiveCfg = Release|Any CPU
		{53008061-5E1F-4E47-8C2B-5C6C8664F9BC}.Release|Any CPU.Build.0 = Release|Any CPU
	EndGlobalSection
	GlobalSection(SolutionProperties) = preSolution
		HideSolutionNode = FALSE
	EndGlobalSection
	GlobalSection(ExtensibilityGlobals) = postSolution
		SolutionGuid = {7253BB96-982C-47C6-B3D4-5209AA6ED622}
	EndGlobalSection
EndGlobal
